// !$*UTF8*$!
{
	archiveVersion = 1;
	classes = {
	};
	objectVersion = 46;
	objects = {

/* Begin PBXBuildFile section */
		63A7A5981D7BC68A00AB51F2 /* AppDelegate.swift in Sources */ = {isa = PBXBuildFile; fileRef = 63A7A5971D7BC68A00AB51F2 /* AppDelegate.swift */; };
		63A7A59A1D7BC68A00AB51F2 /* ViewController.swift in Sources */ = {isa = PBXBuildFile; fileRef = 63A7A5991D7BC68A00AB51F2 /* ViewController.swift */; };
		63A7A59D1D7BC68A00AB51F2 /* Main.storyboard in Resources */ = {isa = PBXBuildFile; fileRef = 63A7A59B1D7BC68A00AB51F2 /* Main.storyboard */; };
		63A7A59F1D7BC68A00AB51F2 /* Assets.xcassets in Resources */ = {isa = PBXBuildFile; fileRef = 63A7A59E1D7BC68A00AB51F2 /* Assets.xcassets */; };
		63A7A5A21D7BC68A00AB51F2 /* LaunchScreen.storyboard in Resources */ = {isa = PBXBuildFile; fileRef = 63A7A5A01D7BC68A00AB51F2 /* LaunchScreen.storyboard */; };
		63A7A5AD1D7BC68A00AB51F2 /* TestChatViewControllerTests.swift in Sources */ = {isa = PBXBuildFile; fileRef = 63A7A5AC1D7BC68A00AB51F2 /* TestChatViewControllerTests.swift */; };
		63A7A5B81D7BC68A00AB51F2 /* TestChatViewControllerUITests.swift in Sources */ = {isa = PBXBuildFile; fileRef = 63A7A5B71D7BC68A00AB51F2 /* TestChatViewControllerUITests.swift */; };
		63A7A5D51D7BC6CB00AB51F2 /* ATrickyView.swift in Sources */ = {isa = PBXBuildFile; fileRef = 63A7A5C61D7BC6CB00AB51F2 /* ATrickyView.swift */; };
		63A7A5D61D7BC6CB00AB51F2 /* DLIncomingMessageBubble.swift in Sources */ = {isa = PBXBuildFile; fileRef = 63A7A5C71D7BC6CB00AB51F2 /* DLIncomingMessageBubble.swift */; };
		63A7A5D71D7BC6CB00AB51F2 /* DLIncomingMessageBubble.xib in Resources */ = {isa = PBXBuildFile; fileRef = 63A7A5C81D7BC6CB00AB51F2 /* DLIncomingMessageBubble.xib */; };
		63A7A5D81D7BC6CB00AB51F2 /* DLIncomingMessageDelegate.swift in Sources */ = {isa = PBXBuildFile; fileRef = 63A7A5C91D7BC6CB00AB51F2 /* DLIncomingMessageDelegate.swift */; };
		63A7A5D91D7BC6CB00AB51F2 /* DLIncomingPhotoBubble.swift in Sources */ = {isa = PBXBuildFile; fileRef = 63A7A5CA1D7BC6CB00AB51F2 /* DLIncomingPhotoBubble.swift */; };
		63A7A5DA1D7BC6CB00AB51F2 /* DLIncomingPhotoBubble.xib in Resources */ = {isa = PBXBuildFile; fileRef = 63A7A5CB1D7BC6CB00AB51F2 /* DLIncomingPhotoBubble.xib */; };
		63A7A5DC1D7BC6CB00AB51F2 /* DLMessageLabel.swift in Sources */ = {isa = PBXBuildFile; fileRef = 63A7A5CD1D7BC6CB00AB51F2 /* DLMessageLabel.swift */; };
		63A7A5DD1D7BC6CB00AB51F2 /* DLMessagesViewController.swift in Sources */ = {isa = PBXBuildFile; fileRef = 63A7A5CE1D7BC6CB00AB51F2 /* DLMessagesViewController.swift */; };
		63A7A5DE1D7BC6CB00AB51F2 /* DLOutgoingMessageBubble.swift in Sources */ = {isa = PBXBuildFile; fileRef = 63A7A5CF1D7BC6CB00AB51F2 /* DLOutgoingMessageBubble.swift */; };
		63A7A5DF1D7BC6CB00AB51F2 /* DLOutgoingMessageBubble.xib in Resources */ = {isa = PBXBuildFile; fileRef = 63A7A5D01D7BC6CB00AB51F2 /* DLOutgoingMessageBubble.xib */; };
		63A7A5E01D7BC6CB00AB51F2 /* DLOutgoingPhotoBubble.swift in Sources */ = {isa = PBXBuildFile; fileRef = 63A7A5D11D7BC6CB00AB51F2 /* DLOutgoingPhotoBubble.swift */; };
		63A7A5E11D7BC6CB00AB51F2 /* DLOutgoingPhotoBubble.xib in Resources */ = {isa = PBXBuildFile; fileRef = 63A7A5D21D7BC6CB00AB51F2 /* DLOutgoingPhotoBubble.xib */; };
		63A7A5E21D7BC6CB00AB51F2 /* DLPhotoMessageDelegate.swift in Sources */ = {isa = PBXBuildFile; fileRef = 63A7A5D31D7BC6CB00AB51F2 /* DLPhotoMessageDelegate.swift */; };
		63A7A5E31D7BC6CB00AB51F2 /* TextInputView.swift in Sources */ = {isa = PBXBuildFile; fileRef = 63A7A5D41D7BC6CB00AB51F2 /* TextInputView.swift */; };
		63A7A5E51D7BC70B00AB51F2 /* DLChatMessage.swift in Sources */ = {isa = PBXBuildFile; fileRef = 63A7A5E41D7BC70B00AB51F2 /* DLChatMessage.swift */; };
/* End PBXBuildFile section */

/* Begin PBXContainerItemProxy section */
		63A7A5A91D7BC68A00AB51F2 /* PBXContainerItemProxy */ = {
			isa = PBXContainerItemProxy;
			containerPortal = 63A7A58C1D7BC68A00AB51F2 /* Project object */;
			proxyType = 1;
			remoteGlobalIDString = 63A7A5931D7BC68A00AB51F2;
			remoteInfo = TestChatViewController;
		};
		63A7A5B41D7BC68A00AB51F2 /* PBXContainerItemProxy */ = {
			isa = PBXContainerItemProxy;
			containerPortal = 63A7A58C1D7BC68A00AB51F2 /* Project object */;
			proxyType = 1;
			remoteGlobalIDString = 63A7A5931D7BC68A00AB51F2;
			remoteInfo = TestChatViewController;
		};
/* End PBXContainerItemProxy section */

/* Begin PBXFileReference section */
		63A7A5941D7BC68A00AB51F2 /* TestChatViewController.app */ = {isa = PBXFileReference; explicitFileType = wrapper.application; includeInIndex = 0; path = TestChatViewController.app; sourceTree = BUILT_PRODUCTS_DIR; };
		63A7A5971D7BC68A00AB51F2 /* AppDelegate.swift */ = {isa = PBXFileReference; lastKnownFileType = sourcecode.swift; path = AppDelegate.swift; sourceTree = "<group>"; };
		63A7A5991D7BC68A00AB51F2 /* ViewController.swift */ = {isa = PBXFileReference; lastKnownFileType = sourcecode.swift; path = ViewController.swift; sourceTree = "<group>"; };
		63A7A59C1D7BC68A00AB51F2 /* Base */ = {isa = PBXFileReference; lastKnownFileType = file.storyboard; name = Base; path = Base.lproj/Main.storyboard; sourceTree = "<group>"; };
		63A7A59E1D7BC68A00AB51F2 /* Assets.xcassets */ = {isa = PBXFileReference; lastKnownFileType = folder.assetcatalog; path = Assets.xcassets; sourceTree = "<group>"; };
		63A7A5A11D7BC68A00AB51F2 /* Base */ = {isa = PBXFileReference; lastKnownFileType = file.storyboard; name = Base; path = Base.lproj/LaunchScreen.storyboard; sourceTree = "<group>"; };
		63A7A5A31D7BC68A00AB51F2 /* Info.plist */ = {isa = PBXFileReference; lastKnownFileType = text.plist.xml; path = Info.plist; sourceTree = "<group>"; };
		63A7A5A81D7BC68A00AB51F2 /* TestChatViewControllerTests.xctest */ = {isa = PBXFileReference; explicitFileType = wrapper.cfbundle; includeInIndex = 0; path = TestChatViewControllerTests.xctest; sourceTree = BUILT_PRODUCTS_DIR; };
		63A7A5AC1D7BC68A00AB51F2 /* TestChatViewControllerTests.swift */ = {isa = PBXFileReference; lastKnownFileType = sourcecode.swift; path = TestChatViewControllerTests.swift; sourceTree = "<group>"; };
		63A7A5AE1D7BC68A00AB51F2 /* Info.plist */ = {isa = PBXFileReference; lastKnownFileType = text.plist.xml; path = Info.plist; sourceTree = "<group>"; };
		63A7A5B31D7BC68A00AB51F2 /* TestChatViewControllerUITests.xctest */ = {isa = PBXFileReference; explicitFileType = wrapper.cfbundle; includeInIndex = 0; path = TestChatViewControllerUITests.xctest; sourceTree = BUILT_PRODUCTS_DIR; };
		63A7A5B71D7BC68A00AB51F2 /* TestChatViewControllerUITests.swift */ = {isa = PBXFileReference; lastKnownFileType = sourcecode.swift; path = TestChatViewControllerUITests.swift; sourceTree = "<group>"; };
		63A7A5B91D7BC68A00AB51F2 /* Info.plist */ = {isa = PBXFileReference; lastKnownFileType = text.plist.xml; path = Info.plist; sourceTree = "<group>"; };
		63A7A5C61D7BC6CB00AB51F2 /* ATrickyView.swift */ = {isa = PBXFileReference; fileEncoding = 4; lastKnownFileType = sourcecode.swift; path = ATrickyView.swift; sourceTree = "<group>"; };
		63A7A5C71D7BC6CB00AB51F2 /* DLIncomingMessageBubble.swift */ = {isa = PBXFileReference; fileEncoding = 4; lastKnownFileType = sourcecode.swift; path = DLIncomingMessageBubble.swift; sourceTree = "<group>"; };
		63A7A5C81D7BC6CB00AB51F2 /* DLIncomingMessageBubble.xib */ = {isa = PBXFileReference; fileEncoding = 4; lastKnownFileType = file.xib; path = DLIncomingMessageBubble.xib; sourceTree = "<group>"; };
		63A7A5C91D7BC6CB00AB51F2 /* DLIncomingMessageDelegate.swift */ = {isa = PBXFileReference; fileEncoding = 4; lastKnownFileType = sourcecode.swift; path = DLIncomingMessageDelegate.swift; sourceTree = "<group>"; };
		63A7A5CA1D7BC6CB00AB51F2 /* DLIncomingPhotoBubble.swift */ = {isa = PBXFileReference; fileEncoding = 4; lastKnownFileType = sourcecode.swift; path = DLIncomingPhotoBubble.swift; sourceTree = "<group>"; };
		63A7A5CB1D7BC6CB00AB51F2 /* DLIncomingPhotoBubble.xib */ = {isa = PBXFileReference; fileEncoding = 4; lastKnownFileType = file.xib; path = DLIncomingPhotoBubble.xib; sourceTree = "<group>"; };
		63A7A5CD1D7BC6CB00AB51F2 /* DLMessageLabel.swift */ = {isa = PBXFileReference; fileEncoding = 4; lastKnownFileType = sourcecode.swift; path = DLMessageLabel.swift; sourceTree = "<group>"; };
		63A7A5CE1D7BC6CB00AB51F2 /* DLMessagesViewController.swift */ = {isa = PBXFileReference; fileEncoding = 4; lastKnownFileType = sourcecode.swift; path = DLMessagesViewController.swift; sourceTree = "<group>"; };
		63A7A5CF1D7BC6CB00AB51F2 /* DLOutgoingMessageBubble.swift */ = {isa = PBXFileReference; fileEncoding = 4; lastKnownFileType = sourcecode.swift; path = DLOutgoingMessageBubble.swift; sourceTree = "<group>"; };
		63A7A5D01D7BC6CB00AB51F2 /* DLOutgoingMessageBubble.xib */ = {isa = PBXFileReference; fileEncoding = 4; lastKnownFileType = file.xib; path = DLOutgoingMessageBubble.xib; sourceTree = "<group>"; };
		63A7A5D11D7BC6CB00AB51F2 /* DLOutgoingPhotoBubble.swift */ = {isa = PBXFileReference; fileEncoding = 4; lastKnownFileType = sourcecode.swift; path = DLOutgoingPhotoBubble.swift; sourceTree = "<group>"; };
		63A7A5D21D7BC6CB00AB51F2 /* DLOutgoingPhotoBubble.xib */ = {isa = PBXFileReference; fileEncoding = 4; lastKnownFileType = file.xib; path = DLOutgoingPhotoBubble.xib; sourceTree = "<group>"; };
		63A7A5D31D7BC6CB00AB51F2 /* DLPhotoMessageDelegate.swift */ = {isa = PBXFileReference; fileEncoding = 4; lastKnownFileType = sourcecode.swift; path = DLPhotoMessageDelegate.swift; sourceTree = "<group>"; };
		63A7A5D41D7BC6CB00AB51F2 /* TextInputView.swift */ = {isa = PBXFileReference; fileEncoding = 4; lastKnownFileType = sourcecode.swift; path = TextInputView.swift; sourceTree = "<group>"; };
		63A7A5E41D7BC70B00AB51F2 /* DLChatMessage.swift */ = {isa = PBXFileReference; fileEncoding = 4; lastKnownFileType = sourcecode.swift; path = DLChatMessage.swift; sourceTree = "<group>"; };
/* End PBXFileReference section */

/* Begin PBXFrameworksBuildPhase section */
		63A7A5911D7BC68A00AB51F2 /* Frameworks */ = {
			isa = PBXFrameworksBuildPhase;
			buildActionMask = 2147483647;
			files = (
			);
			runOnlyForDeploymentPostprocessing = 0;
		};
		63A7A5A51D7BC68A00AB51F2 /* Frameworks */ = {
			isa = PBXFrameworksBuildPhase;
			buildActionMask = 2147483647;
			files = (
			);
			runOnlyForDeploymentPostprocessing = 0;
		};
		63A7A5B01D7BC68A00AB51F2 /* Frameworks */ = {
			isa = PBXFrameworksBuildPhase;
			buildActionMask = 2147483647;
			files = (
			);
			runOnlyForDeploymentPostprocessing = 0;
		};
/* End PBXFrameworksBuildPhase section */

/* Begin PBXGroup section */
		63A7A58B1D7BC68A00AB51F2 = {
			isa = PBXGroup;
			children = (
				63A7A5961D7BC68A00AB51F2 /* TestChatViewController */,
				63A7A5AB1D7BC68A00AB51F2 /* TestChatViewControllerTests */,
				63A7A5B61D7BC68A00AB51F2 /* TestChatViewControllerUITests */,
				63A7A5951D7BC68A00AB51F2 /* Products */,
			);
			sourceTree = "<group>";
		};
		63A7A5951D7BC68A00AB51F2 /* Products */ = {
			isa = PBXGroup;
			children = (
				63A7A5941D7BC68A00AB51F2 /* TestChatViewController.app */,
				63A7A5A81D7BC68A00AB51F2 /* TestChatViewControllerTests.xctest */,
				63A7A5B31D7BC68A00AB51F2 /* TestChatViewControllerUITests.xctest */,
			);
			name = Products;
			sourceTree = "<group>";
		};
		63A7A5961D7BC68A00AB51F2 /* TestChatViewController */ = {
			isa = PBXGroup;
			children = (
				63A7A5971D7BC68A00AB51F2 /* AppDelegate.swift */,
				63A7A5991D7BC68A00AB51F2 /* ViewController.swift */,
				63A7A59B1D7BC68A00AB51F2 /* Main.storyboard */,
				63A7A59E1D7BC68A00AB51F2 /* Assets.xcassets */,
				63A7A5C51D7BC6CB00AB51F2 /* DLMessageViewController */,
				63A7A5A01D7BC68A00AB51F2 /* LaunchScreen.storyboard */,
				63A7A5A31D7BC68A00AB51F2 /* Info.plist */,
			);
			path = TestChatViewController;
			sourceTree = "<group>";
		};
		63A7A5AB1D7BC68A00AB51F2 /* TestChatViewControllerTests */ = {
			isa = PBXGroup;
			children = (
				63A7A5AC1D7BC68A00AB51F2 /* TestChatViewControllerTests.swift */,
				63A7A5AE1D7BC68A00AB51F2 /* Info.plist */,
			);
			path = TestChatViewControllerTests;
			sourceTree = "<group>";
		};
		63A7A5B61D7BC68A00AB51F2 /* TestChatViewControllerUITests */ = {
			isa = PBXGroup;
			children = (
				63A7A5B71D7BC68A00AB51F2 /* TestChatViewControllerUITests.swift */,
				63A7A5B91D7BC68A00AB51F2 /* Info.plist */,
			);
			path = TestChatViewControllerUITests;
			sourceTree = "<group>";
		};
		63A7A5C51D7BC6CB00AB51F2 /* DLMessageViewController */ = {
			isa = PBXGroup;
			children = (
				63A7A5C61D7BC6CB00AB51F2 /* ATrickyView.swift */,
				63A7A5E61D7BCD8E00AB51F2 /* Cells */,
				63A7A5C91D7BC6CB00AB51F2 /* DLIncomingMessageDelegate.swift */,
				63A7A5E41D7BC70B00AB51F2 /* DLChatMessage.swift */,
				63A7A5CD1D7BC6CB00AB51F2 /* DLMessageLabel.swift */,
				63A7A5CE1D7BC6CB00AB51F2 /* DLMessagesViewController.swift */,
				63A7A5D31D7BC6CB00AB51F2 /* DLPhotoMessageDelegate.swift */,
				63A7A5D41D7BC6CB00AB51F2 /* TextInputView.swift */,
			);
			path = DLMessageViewController;
			sourceTree = "<group>";
		};
		63A7A5E61D7BCD8E00AB51F2 /* Cells */ = {
			isa = PBXGroup;
			children = (
				63A7A5C71D7BC6CB00AB51F2 /* DLIncomingMessageBubble.swift */,
				63A7A5C81D7BC6CB00AB51F2 /* DLIncomingMessageBubble.xib */,
				63A7A5CA1D7BC6CB00AB51F2 /* DLIncomingPhotoBubble.swift */,
				63A7A5CB1D7BC6CB00AB51F2 /* DLIncomingPhotoBubble.xib */,
				63A7A5CF1D7BC6CB00AB51F2 /* DLOutgoingMessageBubble.swift */,
				63A7A5D01D7BC6CB00AB51F2 /* DLOutgoingMessageBubble.xib */,
				63A7A5D11D7BC6CB00AB51F2 /* DLOutgoingPhotoBubble.swift */,
				63A7A5D21D7BC6CB00AB51F2 /* DLOutgoingPhotoBubble.xib */,
			);
			name = Cells;
			sourceTree = "<group>";
		};
/* End PBXGroup section */

/* Begin PBXNativeTarget section */
		63A7A5931D7BC68A00AB51F2 /* TestChatViewController */ = {
			isa = PBXNativeTarget;
			buildConfigurationList = 63A7A5BC1D7BC68A00AB51F2 /* Build configuration list for PBXNativeTarget "TestChatViewController" */;
			buildPhases = (
				63A7A5901D7BC68A00AB51F2 /* Sources */,
				63A7A5911D7BC68A00AB51F2 /* Frameworks */,
				63A7A5921D7BC68A00AB51F2 /* Resources */,
			);
			buildRules = (
			);
			dependencies = (
			);
			name = TestChatViewController;
			productName = TestChatViewController;
			productReference = 63A7A5941D7BC68A00AB51F2 /* TestChatViewController.app */;
			productType = "com.apple.product-type.application";
		};
		63A7A5A71D7BC68A00AB51F2 /* TestChatViewControllerTests */ = {
			isa = PBXNativeTarget;
			buildConfigurationList = 63A7A5BF1D7BC68A00AB51F2 /* Build configuration list for PBXNativeTarget "TestChatViewControllerTests" */;
			buildPhases = (
				63A7A5A41D7BC68A00AB51F2 /* Sources */,
				63A7A5A51D7BC68A00AB51F2 /* Frameworks */,
				63A7A5A61D7BC68A00AB51F2 /* Resources */,
			);
			buildRules = (
			);
			dependencies = (
				63A7A5AA1D7BC68A00AB51F2 /* PBXTargetDependency */,
			);
			name = TestChatViewControllerTests;
			productName = TestChatViewControllerTests;
			productReference = 63A7A5A81D7BC68A00AB51F2 /* TestChatViewControllerTests.xctest */;
			productType = "com.apple.product-type.bundle.unit-test";
		};
		63A7A5B21D7BC68A00AB51F2 /* TestChatViewControllerUITests */ = {
			isa = PBXNativeTarget;
			buildConfigurationList = 63A7A5C21D7BC68A00AB51F2 /* Build configuration list for PBXNativeTarget "TestChatViewControllerUITests" */;
			buildPhases = (
				63A7A5AF1D7BC68A00AB51F2 /* Sources */,
				63A7A5B01D7BC68A00AB51F2 /* Frameworks */,
				63A7A5B11D7BC68A00AB51F2 /* Resources */,
			);
			buildRules = (
			);
			dependencies = (
				63A7A5B51D7BC68A00AB51F2 /* PBXTargetDependency */,
			);
			name = TestChatViewControllerUITests;
			productName = TestChatViewControllerUITests;
			productReference = 63A7A5B31D7BC68A00AB51F2 /* TestChatViewControllerUITests.xctest */;
			productType = "com.apple.product-type.bundle.ui-testing";
		};
/* End PBXNativeTarget section */

/* Begin PBXProject section */
		63A7A58C1D7BC68A00AB51F2 /* Project object */ = {
			isa = PBXProject;
			attributes = {
				LastSwiftUpdateCheck = 0730;
				LastUpgradeCheck = 0730;
				ORGANIZATIONNAME = David;
				TargetAttributes = {
					63A7A5931D7BC68A00AB51F2 = {
						CreatedOnToolsVersion = 7.3.1;
					};
					63A7A5A71D7BC68A00AB51F2 = {
						CreatedOnToolsVersion = 7.3.1;
						TestTargetID = 63A7A5931D7BC68A00AB51F2;
					};
					63A7A5B21D7BC68A00AB51F2 = {
						CreatedOnToolsVersion = 7.3.1;
						TestTargetID = 63A7A5931D7BC68A00AB51F2;
					};
				};
			};
			buildConfigurationList = 63A7A58F1D7BC68A00AB51F2 /* Build configuration list for PBXProject "TestChatViewController" */;
			compatibilityVersion = "Xcode 3.2";
			developmentRegion = English;
			hasScannedForEncodings = 0;
			knownRegions = (
				en,
				Base,
			);
			mainGroup = 63A7A58B1D7BC68A00AB51F2;
			productRefGroup = 63A7A5951D7BC68A00AB51F2 /* Products */;
			projectDirPath = "";
			projectRoot = "";
			targets = (
				63A7A5931D7BC68A00AB51F2 /* TestChatViewController */,
				63A7A5A71D7BC68A00AB51F2 /* TestChatViewControllerTests */,
				63A7A5B21D7BC68A00AB51F2 /* TestChatViewControllerUITests */,
			);
		};
/* End PBXProject section */

/* Begin PBXResourcesBuildPhase section */
		63A7A5921D7BC68A00AB51F2 /* Resources */ = {
			isa = PBXResourcesBuildPhase;
			buildActionMask = 2147483647;
			files = (
				63A7A5A21D7BC68A00AB51F2 /* LaunchScreen.storyboard in Resources */,
				63A7A5DF1D7BC6CB00AB51F2 /* DLOutgoingMessageBubble.xib in Resources */,
				63A7A5D71D7BC6CB00AB51F2 /* DLIncomingMessageBubble.xib in Resources */,
				63A7A59F1D7BC68A00AB51F2 /* Assets.xcassets in Resources */,
				63A7A5DA1D7BC6CB00AB51F2 /* DLIncomingPhotoBubble.xib in Resources */,
				63A7A5E11D7BC6CB00AB51F2 /* DLOutgoingPhotoBubble.xib in Resources */,
				63A7A59D1D7BC68A00AB51F2 /* Main.storyboard in Resources */,
			);
			runOnlyForDeploymentPostprocessing = 0;
		};
		63A7A5A61D7BC68A00AB51F2 /* Resources */ = {
			isa = PBXResourcesBuildPhase;
			buildActionMask = 2147483647;
			files = (
			);
			runOnlyForDeploymentPostprocessing = 0;
		};
		63A7A5B11D7BC68A00AB51F2 /* Resources */ = {
			isa = PBXResourcesBuildPhase;
			buildActionMask = 2147483647;
			files = (
			);
			runOnlyForDeploymentPostprocessing = 0;
		};
/* End PBXResourcesBuildPhase section */

/* Begin PBXSourcesBuildPhase section */
		63A7A5901D7BC68A00AB51F2 /* Sources */ = {
			isa = PBXSourcesBuildPhase;
			buildActionMask = 2147483647;
			files = (
				63A7A5D91D7BC6CB00AB51F2 /* DLIncomingPhotoBubble.swift in Sources */,
				63A7A5E21D7BC6CB00AB51F2 /* DLPhotoMessageDelegate.swift in Sources */,
				63A7A5DD1D7BC6CB00AB51F2 /* DLMessagesViewController.swift in Sources */,
				63A7A5E51D7BC70B00AB51F2 /* DLChatMessage.swift in Sources */,
				63A7A59A1D7BC68A00AB51F2 /* ViewController.swift in Sources */,
				63A7A5E01D7BC6CB00AB51F2 /* DLOutgoingPhotoBubble.swift in Sources */,
				63A7A5D61D7BC6CB00AB51F2 /* DLIncomingMessageBubble.swift in Sources */,
				63A7A5DE1D7BC6CB00AB51F2 /* DLOutgoingMessageBubble.swift in Sources */,
				63A7A5DC1D7BC6CB00AB51F2 /* DLMessageLabel.swift in Sources */,
				63A7A5E31D7BC6CB00AB51F2 /* TextInputView.swift in Sources */,
				63A7A5D51D7BC6CB00AB51F2 /* ATrickyView.swift in Sources */,
				63A7A5D81D7BC6CB00AB51F2 /* DLIncomingMessageDelegate.swift in Sources */,
				63A7A5981D7BC68A00AB51F2 /* AppDelegate.swift in Sources */,
			);
			runOnlyForDeploymentPostprocessing = 0;
		};
		63A7A5A41D7BC68A00AB51F2 /* Sources */ = {
			isa = PBXSourcesBuildPhase;
			buildActionMask = 2147483647;
			files = (
				63A7A5AD1D7BC68A00AB51F2 /* TestChatViewControllerTests.swift in Sources */,
			);
			runOnlyForDeploymentPostprocessing = 0;
		};
		63A7A5AF1D7BC68A00AB51F2 /* Sources */ = {
			isa = PBXSourcesBuildPhase;
			buildActionMask = 2147483647;
			files = (
				63A7A5B81D7BC68A00AB51F2 /* TestChatViewControllerUITests.swift in Sources */,
			);
			runOnlyForDeploymentPostprocessing = 0;
		};
/* End PBXSourcesBuildPhase section */

/* Begin PBXTargetDependency section */
		63A7A5AA1D7BC68A00AB51F2 /* PBXTargetDependency */ = {
			isa = PBXTargetDependency;
			target = 63A7A5931D7BC68A00AB51F2 /* TestChatViewController */;
			targetProxy = 63A7A5A91D7BC68A00AB51F2 /* PBXContainerItemProxy */;
		};
		63A7A5B51D7BC68A00AB51F2 /* PBXTargetDependency */ = {
			isa = PBXTargetDependency;
			target = 63A7A5931D7BC68A00AB51F2 /* TestChatViewController */;
			targetProxy = 63A7A5B41D7BC68A00AB51F2 /* PBXContainerItemProxy */;
		};
/* End PBXTargetDependency section */

/* Begin PBXVariantGroup section */
		63A7A59B1D7BC68A00AB51F2 /* Main.storyboard */ = {
			isa = PBXVariantGroup;
			children = (
				63A7A59C1D7BC68A00AB51F2 /* Base */,
			);
			name = Main.storyboard;
			sourceTree = "<group>";
		};
		63A7A5A01D7BC68A00AB51F2 /* LaunchScreen.storyboard */ = {
			isa = PBXVariantGroup;
			children = (
				63A7A5A11D7BC68A00AB51F2 /* Base */,
			);
			name = LaunchScreen.storyboard;
			sourceTree = "<group>";
		};
/* End PBXVariantGroup section */

/* Begin XCBuildConfiguration section */
		63A7A5BA1D7BC68A00AB51F2 /* Debug */ = {
			isa = XCBuildConfiguration;
			buildSettings = {
				ALWAYS_SEARCH_USER_PATHS = NO;
				CLANG_ANALYZER_NONNULL = YES;
				CLANG_CXX_LANGUAGE_STANDARD = "gnu++0x";
				CLANG_CXX_LIBRARY = "libc++";
				CLANG_ENABLE_MODULES = YES;
				CLANG_ENABLE_OBJC_ARC = YES;
				CLANG_WARN_BOOL_CONVERSION = YES;
				CLANG_WARN_CONSTANT_CONVERSION = YES;
				CLANG_WARN_DIRECT_OBJC_ISA_USAGE = YES_ERROR;
				CLANG_WARN_EMPTY_BODY = YES;
				CLANG_WARN_ENUM_CONVERSION = YES;
				CLANG_WARN_INT_CONVERSION = YES;
				CLANG_WARN_OBJC_ROOT_CLASS = YES_ERROR;
				CLANG_WARN_UNREACHABLE_CODE = YES;
				CLANG_WARN__DUPLICATE_METHOD_MATCH = YES;
				"CODE_SIGN_IDENTITY[sdk=iphoneos*]" = "iPhone Developer";
				COPY_PHASE_STRIP = NO;
				DEBUG_INFORMATION_FORMAT = dwarf;
				ENABLE_STRICT_OBJC_MSGSEND = YES;
				ENABLE_TESTABILITY = YES;
				GCC_C_LANGUAGE_STANDARD = gnu99;
				GCC_DYNAMIC_NO_PIC = NO;
				GCC_NO_COMMON_BLOCKS = YES;
				GCC_OPTIMIZATION_LEVEL = 0;
				GCC_PREPROCESSOR_DEFINITIONS = (
					"DEBUG=1",
					"$(inherited)",
				);
				GCC_WARN_64_TO_32_BIT_CONVERSION = YES;
				GCC_WARN_ABOUT_RETURN_TYPE = YES_ERROR;
				GCC_WARN_UNDECLARED_SELECTOR = YES;
				GCC_WARN_UNINITIALIZED_AUTOS = YES_AGGRESSIVE;
				GCC_WARN_UNUSED_FUNCTION = YES;
				GCC_WARN_UNUSED_VARIABLE = YES;
				IPHONEOS_DEPLOYMENT_TARGET = 9.3;
				MTL_ENABLE_DEBUG_INFO = YES;
				ONLY_ACTIVE_ARCH = YES;
				SDKROOT = iphoneos;
				SWIFT_OPTIMIZATION_LEVEL = "-Onone";
			};
			name = Debug;
		};
		63A7A5BB1D7BC68A00AB51F2 /* Release */ = {
			isa = XCBuildConfiguration;
			buildSettings = {
				ALWAYS_SEARCH_USER_PATHS = NO;
				CLANG_ANALYZER_NONNULL = YES;
				CLANG_CXX_LANGUAGE_STANDARD = "gnu++0x";
				CLANG_CXX_LIBRARY = "libc++";
				CLANG_ENABLE_MODULES = YES;
				CLANG_ENABLE_OBJC_ARC = YES;
				CLANG_WARN_BOOL_CONVERSION = YES;
				CLANG_WARN_CONSTANT_CONVERSION = YES;
				CLANG_WARN_DIRECT_OBJC_ISA_USAGE = YES_ERROR;
				CLANG_WARN_EMPTY_BODY = YES;
				CLANG_WARN_ENUM_CONVERSION = YES;
				CLANG_WARN_INT_CONVERSION = YES;
				CLANG_WARN_OBJC_ROOT_CLASS = YES_ERROR;
				CLANG_WARN_UNREACHABLE_CODE = YES;
				CLANG_WARN__DUPLICATE_METHOD_MATCH = YES;
				"CODE_SIGN_IDENTITY[sdk=iphoneos*]" = "iPhone Developer";
				COPY_PHASE_STRIP = NO;
				DEBUG_INFORMATION_FORMAT = "dwarf-with-dsym";
				ENABLE_NS_ASSERTIONS = NO;
				ENABLE_STRICT_OBJC_MSGSEND = YES;
				GCC_C_LANGUAGE_STANDARD = gnu99;
				GCC_NO_COMMON_BLOCKS = YES;
				GCC_WARN_64_TO_32_BIT_CONVERSION = YES;
				GCC_WARN_ABOUT_RETURN_TYPE = YES_ERROR;
				GCC_WARN_UNDECLARED_SELECTOR = YES;
				GCC_WARN_UNINITIALIZED_AUTOS = YES_AGGRESSIVE;
				GCC_WARN_UNUSED_FUNCTION = YES;
				GCC_WARN_UNUSED_VARIABLE = YES;
				IPHONEOS_DEPLOYMENT_TARGET = 9.3;
				MTL_ENABLE_DEBUG_INFO = NO;
				SDKROOT = iphoneos;
				VALIDATE_PRODUCT = YES;
			};
			name = Release;
		};
		63A7A5BD1D7BC68A00AB51F2 /* Debug */ = {
			isa = XCBuildConfiguration;
			buildSettings = {
				ASSETCATALOG_COMPILER_APPICON_NAME = AppIcon;
				INFOPLIST_FILE = TestChatViewController/Info.plist;
				LD_RUNPATH_SEARCH_PATHS = "$(inherited) @executable_path/Frameworks";
				PRODUCT_BUNDLE_IDENTIFIER = io.colorgy.TestChatViewController;
				PRODUCT_NAME = "$(TARGET_NAME)";
			};
			name = Debug;
		};
		63A7A5BE1D7BC68A00AB51F2 /* Release */ = {
			isa = XCBuildConfiguration;
			buildSettings = {
				ASSETCATALOG_COMPILER_APPICON_NAME = AppIcon;
				INFOPLIST_FILE = TestChatViewController/Info.plist;
				LD_RUNPATH_SEARCH_PATHS = "$(inherited) @executable_path/Frameworks";
				PRODUCT_BUNDLE_IDENTIFIER = io.colorgy.TestChatViewController;
				PRODUCT_NAME = "$(TARGET_NAME)";
			};
			name = Release;
		};
		63A7A5C01D7BC68A00AB51F2 /* Debug */ = {
			isa = XCBuildConfiguration;
			buildSettings = {
				BUNDLE_LOADER = "$(TEST_HOST)";
				INFOPLIST_FILE = TestChatViewControllerTests/Info.plist;
				LD_RUNPATH_SEARCH_PATHS = "$(inherited) @executable_path/Frameworks @loader_path/Frameworks";
				PRODUCT_BUNDLE_IDENTIFIER = io.colorgy.TestChatViewControllerTests;
				PRODUCT_NAME = "$(TARGET_NAME)";
				TEST_HOST = "$(BUILT_PRODUCTS_DIR)/TestChatViewController.app/TestChatViewController";
			};
			name = Debug;
		};
		63A7A5C11D7BC68A00AB51F2 /* Release */ = {
			isa = XCBuildConfiguration;
			buildSettings = {
				BUNDLE_LOADER = "$(TEST_HOST)";
				INFOPLIST_FILE = TestChatViewControllerTests/Info.plist;
				LD_RUNPATH_SEARCH_PATHS = "$(inherited) @executable_path/Frameworks @loader_path/Frameworks";
				PRODUCT_BUNDLE_IDENTIFIER = io.colorgy.TestChatViewControllerTests;
				PRODUCT_NAME = "$(TARGET_NAME)";
				TEST_HOST = "$(BUILT_PRODUCTS_DIR)/TestChatViewController.app/TestChatViewController";
			};
			name = Release;
		};
		63A7A5C31D7BC68A00AB51F2 /* Debug */ = {
			isa = XCBuildConfiguration;
			buildSettings = {
				INFOPLIST_FILE = TestChatViewControllerUITests/Info.plist;
				LD_RUNPATH_SEARCH_PATHS = "$(inherited) @executable_path/Frameworks @loader_path/Frameworks";
				PRODUCT_BUNDLE_IDENTIFIER = io.colorgy.TestChatViewControllerUITests;
				PRODUCT_NAME = "$(TARGET_NAME)";
				TEST_TARGET_NAME = TestChatViewController;
			};
			name = Debug;
		};
		63A7A5C41D7BC68A00AB51F2 /* Release */ = {
			isa = XCBuildConfiguration;
			buildSettings = {
				INFOPLIST_FILE = TestChatViewControllerUITests/Info.plist;
				LD_RUNPATH_SEARCH_PATHS = "$(inherited) @executable_path/Frameworks @loader_path/Frameworks";
				PRODUCT_BUNDLE_IDENTIFIER = io.colorgy.TestChatViewControllerUITests;
				PRODUCT_NAME = "$(TARGET_NAME)";
				TEST_TARGET_NAME = TestChatViewController;
			};
			name = Release;
		};
/* End XCBuildConfiguration section */

/* Begin XCConfigurationList section */
		63A7A58F1D7BC68A00AB51F2 /* Build configuration list for PBXProject "TestChatViewController" */ = {
			isa = XCConfigurationList;
			buildConfigurations = (
				63A7A5BA1D7BC68A00AB51F2 /* Debug */,
				63A7A5BB1D7BC68A00AB51F2 /* Release */,
			);
			defaultConfigurationIsVisible = 0;
			defaultConfigurationName = Release;
		};
		63A7A5BC1D7BC68A00AB51F2 /* Build configuration list for PBXNativeTarget "TestChatViewController" */ = {
			isa = XCConfigurationList;
			buildConfigurations = (
				63A7A5BD1D7BC68A00AB51F2 /* Debug */,
				63A7A5BE1D7BC68A00AB51F2 /* Release */,
			);
			defaultConfigurationIsVisible = 0;
		};
		63A7A5BF1D7BC68A00AB51F2 /* Build configuration list for PBXNativeTarget "TestChatViewControllerTests" */ = {
			isa = XCConfigurationList;
			buildConfigurations = (
				63A7A5C01D7BC68A00AB51F2 /* Debug */,
				63A7A5C11D7BC68A00AB51F2 /* Release */,
			);
			defaultConfigurationIsVisible = 0;
		};
		63A7A5C21D7BC68A00AB51F2 /* Build configuration list for PBXNativeTarget "TestChatViewControllerUITests" */ = {
			isa = XCConfigurationList;
			buildConfigurations = (
				63A7A5C31D7BC68A00AB51F2 /* Debug */,
				63A7A5C41D7BC68A00AB51F2 /* Release */,
			);
			defaultConfigurationIsVisible = 0;
		};
/* End XCConfigurationList section */
	};
	rootObject = 63A7A58C1D7BC68A00AB51F2 /* Project object */;
}
